
Microsoft Visual Studio Solution File, Format Version 12.00
# Visual Studio Version 16
VisualStudioVersion = 16.0.29806.167
MinimumVisualStudioVersion = 10.0.40219.1
Project("{9A19103F-16F7-4668-BE54-9A1E7A4F7556}") = "Akka_1_4", "Akka_1_4.csproj", "{CA6A72D7-E270-4AB0-AECD-DF97C2DF2659}"
EndProject
Global
	GlobalSection(SolutionConfigurationPlatforms) = preSolution
		Debug|Any CPU = Debug|Any CPU
		Release|Any CPU = Release|Any CPU
	EndGlobalSection
	GlobalSection(ProjectConfigurationPlatforms) = postSolution
		{CA6A72D7-E270-4AB0-AECD-DF97C2DF2659}.Debug|Any CPU.ActiveCfg = Debug|Any CPU
		{CA6A72D7-E270-4AB0-AECD-DF97C2DF2659}.Debug|Any CPU.Build.0 = Debug|Any CPU
		{CA6A72D7-E270-4AB0-AECD-DF97C2DF2659}.Release|Any CPU.ActiveCfg = Release|Any CPU
		{CA6A72D7-E270-4AB0-AECD-DF97C2DF2659}.Release|Any CPU.Build.0 = Release|Any CPU
	EndGlobalSection
	GlobalSection(SolutionProperties) = preSolution
		HideSolutionNode = FALSE
	EndGlobalSection
	GlobalSection(ExtensibilityGlobals) = postSolution
		SolutionGuid = {C843BF66-D74B-4F92-A459-B57DCC776AD8}
	EndGlobalSection
EndGlobal
